
Microsoft Visual Studio Solution File, Format Version 12.00
# Visual Studio Version 17
VisualStudioVersion = 17.4.33205.214
MinimumVisualStudioVersion = 10.0.40219.1
Project("{9A19103F-16F7-4668-BE54-9A1E7A4F7556}") = "Chat", "Chat.csproj", "{1E5D6A26-9791-4977-A1E1-5814643D3ECF}"
EndProject
Project("{FAE04EC0-301F-11D3-BF4B-00C04F79EFBC}") = "ChatClient", "..\ChatClient\ChatClient.csproj", "{48280327-A404-4D8D-83C3-76BE6F2DBAB8}"
EndProject
Global
	GlobalSection(SolutionConfigurationPlatforms) = preSolution
		Debug|Any CPU = Debug|Any CPU
		Release|Any CPU = Release|Any CPU
	EndGlobalSection
	GlobalSection(ProjectConfigurationPlatforms) = postSolution
		{1E5D6A26-9791-4977-A1E1-5814643D3ECF}.Debug|Any CPU.ActiveCfg = Debug|Any CPU
		{1E5D6A26-9791-4977-A1E1-5814643D3ECF}.Debug|Any CPU.Build.0 = Debug|Any CPU
		{1E5D6A26-9791-4977-A1E1-5814643D3ECF}.Release|Any CPU.ActiveCfg = Release|Any CPU
		{1E5D6A26-9791-4977-A1E1-5814643D3ECF}.Release|Any CPU.Build.0 = Release|Any CPU
		{48280327-A404-4D8D-83C3-76BE6F2DBAB8}.Debug|Any CPU.ActiveCfg = Debug|Any CPU
		{48280327-A404-4D8D-83C3-76BE6F2DBAB8}.Debug|Any CPU.Build.0 = Debug|Any CPU
		{48280327-A404-4D8D-83C3-76BE6F2DBAB8}.Release|Any CPU.ActiveCfg = Release|Any CPU
		{48280327-A404-4D8D-83C3-76BE6F2DBAB8}.Release|Any CPU.Build.0 = Release|Any CPU
	EndGlobalSection
	GlobalSection(SolutionProperties) = preSolution
		HideSolutionNode = FALSE
	EndGlobalSection
	GlobalSection(ExtensibilityGlobals) = postSolution
		SolutionGuid = {FF7211F4-7784-4712-A439-5E3BAA904D5B}
	EndGlobalSection
EndGlobal
